{
  "name": "keith/copy-table",
  "requires": true,
  "lockfileVersion": 1,
  "dependencies": {
    "lib": {
      "version": "4.0.5",
      "resolved": "https://registry.npmjs.org/lib/-/lib-4.0.5.tgz",
      "integrity": "sha512-tDg4tRypj1SxDVUN24UIGjPcrs0ct/3Lv6uuOcDrStzwThvb6P/UbyJh/UM+jBZtTXzHTBUpf4deWTcu6Ya5xA=="
    }
  }
}
